
Microsoft Visual Studio Solution File, Format Version 12.00
# Visual Studio 15
VisualStudioVersion = 15.0.27428.2002
MinimumVisualStudioVersion = 10.0.40219.1
Project("{FAE04EC0-301F-11D3-BF4B-00C04F79EFBC}") = "SeguridadTokenApi", "SeguridadTokenApi\SeguridadTokenApi.csproj", "{A05AA8F6-4829-43EF-B2C9-73BD220555FD}"
EndProject
Global
	GlobalSection(SolutionConfigurationPlatforms) = preSolution
		Debug|Any CPU = Debug|Any CPU
		Release|Any CPU = Release|Any CPU
	EndGlobalSection
	GlobalSection(ProjectConfigurationPlatforms) = postSolution
		{A05AA8F6-4829-43EF-B2C9-73BD220555FD}.Debug|Any CPU.ActiveCfg = Debug|Any CPU
		{A05AA8F6-4829-43EF-B2C9-73BD220555FD}.Debug|Any CPU.Build.0 = Debug|Any CPU
		{A05AA8F6-4829-43EF-B2C9-73BD220555FD}.Release|Any CPU.ActiveCfg = Release|Any CPU
		{A05AA8F6-4829-43EF-B2C9-73BD220555FD}.Release|Any CPU.Build.0 = Release|Any CPU
	EndGlobalSection
	GlobalSection(SolutionProperties) = preSolution
		HideSolutionNode = FALSE
	EndGlobalSection
	GlobalSection(ExtensibilityGlobals) = postSolution
		SolutionGuid = {A318ECF7-07C4-40AF-AA43-1A92B98A93A7}
	EndGlobalSection
EndGlobal
